{
    "_meta": {
        "hash": {
            "sha256": "575b4fb9843629fd1c1a048078d24abde97232f6a02e0ce36168d38094e158fe"
        },
        "pipfile-spec": 6,
        "requires": {
            "python_version": "3.11"
        },
        "sources": [
            {
                "name": "pypi",
                "url": "https://pypi.org/simple",
                "verify_ssl": true
            }
        ]
    },
    "default": {
        "affine": {
            "hashes": [
                "sha256:8a3df80e2b2378aef598a83c1392efd47967afec4242021a0b06b4c7cbc61a92",
                "sha256:a24d818d6a836c131976d22f8c27b8d3ca32d0af64c1d8d29deb7bafa4da1eea"
            ],
            "markers": "python_version >= '3.7'",
            "version": "==2.4.0"
        },
        "attrs": {
            "hashes": [
                "sha256:935dc3b529c262f6cf76e50877d35a4bd3c1de194fd41f47a2b7ae8f19971f30",
                "sha256:99b87a485a5820b23b879f04c2305b44b951b502fd64be915879d77a7e8fc6f1"
            ],
            "markers": "python_version >= '3.7'",
            "version": "==23.2.0"
        },
        "certifi": {
            "hashes": [
                "sha256:0569859f95fc761b18b45ef421b1290a0f65f147e92a1e5eb3e635f9a5e4e66f",
                "sha256:dc383c07b76109f368f6106eee2b593b04a011ea4d55f652c6ca24a754d1cdd1"
            ],
            "markers": "python_version >= '3.6'",
            "version": "==2024.2.2"
        },
        "click": {
            "hashes": [
                "sha256:ae74fb96c20a0277a1d615f1e4d73c8414f5a98db8b799a7931d1582f3390c28",
                "sha256:ca9853ad459e787e2192211578cc907e7594e294c7ccc834310722b41b9ca6de"
            ],
            "markers": "python_version >= '3.7'",
            "version": "==8.1.7"
        },
        "click-plugins": {
            "hashes": [
                "sha256:46ab999744a9d831159c3411bb0c79346d94a444df9a3a3742e9ed63645f264b",
                "sha256:5d262006d3222f5057fd81e1623d4443e41dcda5dc815c06b442aa3c02889fc8"
            ],
            "version": "==1.1.1"
        },
        "cligj": {
            "hashes": [
                "sha256:a4bc13d623356b373c2c27c53dbd9c68cae5d526270bfa71f6c6fa69669c6b27",
                "sha256:c1ca117dbce1fe20a5809dc96f01e1c2840f6dcc939b3ddbb1111bf330ba82df"
            ],
            "markers": "python_version >= '2.7' and python_version not in '3.0, 3.1, 3.2, 3.3' and python_version < '4'",
            "version": "==0.7.2"
        },
        "fiona": {
            "hashes": [
                "sha256:0eaffbf3bfae9960484c0c08ea461b0c40e111497f04e9475ebf15ac7a22d9dc",
                "sha256:11af1afc1255642a7787fe112c29d01f968f1053e4d4700fc6f3bb879c1622e0",
                "sha256:1dcd6eca7524535baf2a39d7981b4a46d33ae28c313934a7c3eae62eecf9dfa5",
                "sha256:39819fb8f5ec6d9971cb01b912b4431615a3d3f50c83798565d8ce41917930db",
                "sha256:42d8a0e5570948d3821c493b6141866d9a4d7a64edad2be4ecbb89f81904baac",
                "sha256:48b6218224e96de5e36b5eb259f37160092260e5de0dcd82ca200b1887aa9884",
                "sha256:50037c3b7a5f6f434b562b5b1a5b664f1caa7a4383b00af23cdb59bfc6ba852c",
                "sha256:52e8fec650b72fc5253d8f86b63859acc687182281c29bfacd3930496cf982d1",
                "sha256:53bedd2989e255df1bf3378ae9c06d6d241ec273c280c544bb44ffffebb97fb0",
                "sha256:63e528b5ea3d8b1038d788e7c65117835c787ba7fdc94b1b42f09c2cbc0aaff2",
                "sha256:77653a08564a44e634c44cd74a068d2f55d1d4029edd16d1c8aadcc4d8cc1d2c",
                "sha256:791b3494f8b218c06ea56f892bd6ba893dfa23525347761d066fb7738acda3b1",
                "sha256:89095c2d542325ee45894b8837e8048cdbb2f22274934e1be3b673ca628010d7",
                "sha256:918bd27d8625416672e834593970f96dff63215108f81efb876fe5c0bc58a3b4",
                "sha256:98cea6f435843b2119731c6b0470e5b7386aa16b6aa7edabbf1ed93aefe029c3",
                "sha256:9b53034efdf93ada9295b081e6a8280af7c75496a20df82d4c2ca46d65b85905",
                "sha256:bf51846ad602757bf27876f458c5c9f14b09421fac612f64273cc4e3fcabc441",
                "sha256:c1dd5fbc29b7303bb87eb683455e8451e1a53bb8faf20ef97fdcd843c9e4a7f6",
                "sha256:c9b92aa1badb2773e7cac19bef3064d73e9d80c67c42f0928db2520a04be6f2f",
                "sha256:e313210b30d09ed8f829bf625599e248dadd78622728030221f6526580ff26c5",
                "sha256:e5404ed08c711489abcb3a50a184816825b8af06eb73ad2a99e18b8e7b47c96a",
                "sha256:e7617563b36d2be99f048f0d0054b4d765f4aae454398f88f19de9c2c324b7f8",
                "sha256:f1b49d51a744874608b689f029766aa1e078dd72e94b44cf8eeef6d7bd2e9051",
                "sha256:f4230eccbd896a79d1ebfa551d84bf90f512f7bcbe1ca61e3f82231321f1a532"
            ],
            "index": "pypi",
            "markers": "python_version >= '3.7'",
            "version": "==1.9.6"
        },
        "numpy": {
            "hashes": [
                "sha256:03a8c78d01d9781b28a6989f6fa1bb2c4f2d51201cf99d3dd875df6fbd96b23b",
                "sha256:08beddf13648eb95f8d867350f6a018a4be2e5ad54c8d8caed89ebca558b2818",
                "sha256:1af303d6b2210eb850fcf03064d364652b7120803a0b872f5211f5234b399f20",
                "sha256:1dda2e7b4ec9dd512f84935c5f126c8bd8b9f2fc001e9f54af255e8c5f16b0e0",
                "sha256:2a02aba9ed12e4ac4eb3ea9421c420301a0c6460d9830d74a9df87efa4912010",
                "sha256:2e4ee3380d6de9c9ec04745830fd9e2eccb3e6cf790d39d7b98ffd19b0dd754a",
                "sha256:3373d5d70a5fe74a2c1bb6d2cfd9609ecf686d47a2d7b1d37a8f3b6bf6003aea",
                "sha256:47711010ad8555514b434df65f7d7b076bb8261df1ca9bb78f53d3b2db02e95c",
                "sha256:4c66707fabe114439db9068ee468c26bbdf909cac0fb58686a42a24de1760c71",
                "sha256:50193e430acfc1346175fcbdaa28ffec49947a06918b7b92130744e81e640110",
                "sha256:52b8b60467cd7dd1e9ed082188b4e6bb35aa5cdd01777621a1658910745b90be",
                "sha256:60dedbb91afcbfdc9bc0b1f3f402804070deed7392c23eb7a7f07fa857868e8a",
                "sha256:62b8e4b1e28009ef2846b4c7852046736bab361f7aeadeb6a5b89ebec3c7055a",
                "sha256:666dbfb6ec68962c033a450943ded891bed2d54e6755e35e5835d63f4f6931d5",
                "sha256:675d61ffbfa78604709862923189bad94014bef562cc35cf61d3a07bba02a7ed",
                "sha256:679b0076f67ecc0138fd2ede3a8fd196dddc2ad3254069bcb9faf9a79b1cebcd",
                "sha256:7349ab0fa0c429c82442a27a9673fc802ffdb7c7775fad780226cb234965e53c",
                "sha256:7ab55401287bfec946ced39700c053796e7cc0e3acbef09993a9ad2adba6ca6e",
                "sha256:7e50d0a0cc3189f9cb0aeb3a6a6af18c16f59f004b866cd2be1c14b36134a4a0",
                "sha256:95a7476c59002f2f6c590b9b7b998306fba6a5aa646b1e22ddfeaf8f78c3a29c",
                "sha256:96ff0b2ad353d8f990b63294c8986f1ec3cb19d749234014f4e7eb0112ceba5a",
                "sha256:9fad7dcb1aac3c7f0584a5a8133e3a43eeb2fe127f47e3632d43d677c66c102b",
                "sha256:9ff0f4f29c51e2803569d7a51c2304de5554655a60c5d776e35b4a41413830d0",
                "sha256:a354325ee03388678242a4d7ebcd08b5c727033fcff3b2f536aea978e15ee9e6",
                "sha256:a4abb4f9001ad2858e7ac189089c42178fcce737e4169dc61321660f1a96c7d2",
                "sha256:ab47dbe5cc8210f55aa58e4805fe224dac469cde56b9f731a4c098b91917159a",
                "sha256:afedb719a9dcfc7eaf2287b839d8198e06dcd4cb5d276a3df279231138e83d30",
                "sha256:b3ce300f3644fb06443ee2222c2201dd3a89ea6040541412b8fa189341847218",
                "sha256:b97fe8060236edf3662adfc2c633f56a08ae30560c56310562cb4f95500022d5",
                "sha256:bfe25acf8b437eb2a8b2d49d443800a5f18508cd811fea3181723922a8a82b07",
                "sha256:cd25bcecc4974d09257ffcd1f098ee778f7834c3ad767fe5db785be9a4aa9cb2",
                "sha256:d209d8969599b27ad20994c8e41936ee0964e6da07478d6c35016bc386b66ad4",
                "sha256:d5241e0a80d808d70546c697135da2c613f30e28251ff8307eb72ba696945764",
                "sha256:edd8b5fe47dab091176d21bb6de568acdd906d1887a4584a15a9a96a1dca06ef",
                "sha256:f870204a840a60da0b12273ef34f7051e98c3b5961b61b0c2c1be6dfd64fbcd3",
                "sha256:ffa75af20b44f8dba823498024771d5ac50620e6915abac414251bd971b4529f"
            ],
            "markers": "python_version >= '3.10'",
            "version": "==1.26.4"
        },
        "opencv-python": {
            "hashes": [
                "sha256:1a9f0e6267de3a1a1db0c54213d022c7c8b5b9ca4b580e80bdc58516c922c9e1",
                "sha256:3f16f08e02b2a2da44259c7cc712e779eff1dd8b55fdb0323e8cab09548086c0",
                "sha256:71dfb9555ccccdd77305fc3dcca5897fbf0cf28b297c51ee55e079c065d812a3",
                "sha256:7b34a52e9da36dda8c151c6394aed602e4b17fa041df0b9f5b93ae10b0fcca2a",
                "sha256:7e5f7aa4486651a6ebfa8ed4b594b65bd2d2f41beeb4241a3e4b1b85acbbbadb",
                "sha256:dcf000c36dd1651118a2462257e3a9e76db789a78432e1f303c7bac54f63ef6c",
                "sha256:e4088cab82b66a3b37ffc452976b14a3c599269c247895ae9ceb4066d8188a57"
            ],
            "index": "pypi",
            "markers": "python_version >= '3.6'",
            "version": "==4.9.0.80"
        },
        "pyparsing": {
            "hashes": [
                "sha256:a1bac0ce561155ecc3ed78ca94d3c9378656ad4c94c1270de543f621420f94ad",
                "sha256:f9db75911801ed778fe61bb643079ff86601aca99fcae6345aa67292038fb742"
            ],
            "markers": "python_full_version >= '3.6.8'",
            "version": "==3.1.2"
        },
        "rasterio": {
            "hashes": [
                "sha256:0bbd62b45a35cab53cb7fe72419e823e47ab31ee2d055af8e21dc7f37fe5ed6c",
                "sha256:287e8d0d0472c778aa0b6392e9c00894a80f2bace28fa6eddb76c0a895097947",
                "sha256:2ef27c3eff6f44f8b5d5de228003367c1843593edf648d85c0dc1319c00dc57d",
                "sha256:30f27e309a14a70c821d10a0ea18b110968dc2e2186b06a900aebd92094f4e00",
                "sha256:3a9c4fb63e050e11bcd23e53f084ca186b445f976df1f70e7abd851c4072837f",
                "sha256:450f2bd45335308829da90566fbcbdb8e8aa0251a9d1f6ebb60667855dfb7554",
                "sha256:505b3e659eb3b137192c25233bf7954bc4997b1a474bae9e129fbd5ac2619404",
                "sha256:73ea4d0e584f696ef115601bbb97ba8d2b68a67c2bb3b40999414d31b6c7cf89",
                "sha256:7a22c0e0cf07dbed6576faf9a49bc4afa1afedd5a14441b64a3d3dd6d10dc274",
                "sha256:7c7ddca79444fd3b933f4cd1a1773e9f7839d0ce5d76e600bdf92ee9a79b95f8",
                "sha256:7e653968f64840654d277e0f86f8666ed8f3030ba36fa865f420f9bc38d619ee",
                "sha256:97d867cada29f16cb83f1743217f775f8b982676fcdda77671d25abb26698159",
                "sha256:a420e5f25108b1c92c5d071cfd6518b3766f20a6eddb1b322d06c3d46a89fab6",
                "sha256:c711b497e9ef0c4f5e1c01e34ba910708e066e1c4a69c25df18d1bcc04481287",
                "sha256:cbb2eea127328302f9e3158a000363a7d9eea22537378dee4f824a7fa2d78c05",
                "sha256:ce182c735b4f9e8735d90600607ecab15ef895eb8aa660bf665751529477e326",
                "sha256:d1ac85857144cb8075e332e9d908b65426d30ddc1f59f7a04bcf6ed6fd3c0d47",
                "sha256:d29d30c2271fa265913bd3db93fa213d3a0894362ec704e7273cf30443098a90",
                "sha256:e6eece6420d7d6ef9b9830633b8fcd15e86b8702cb13419abe251c16ca502cf3",
                "sha256:ef8a496740df1e68f7a3d3449aa3be9c3210c22f4bb78a4a9e1c290183abd9b1",
                "sha256:f9cd757e11cfb07ef39b1cc79a32497bf22aff7fec41fe330b868cb3043b4db5"
            ],
            "index": "pypi",
            "markers": "python_version >= '3.8'",
            "version": "==1.3.10"
        },
        "setuptools": {
            "hashes": [
                "sha256:54faa7f2e8d2d11bcd2c07bed282eef1046b5c080d1c32add737d7b5817b1ad4",
                "sha256:f211a66637b8fa059bb28183da127d4e86396c991a942b028c6650d4319c3fd0"
            ],
            "markers": "python_version >= '3.8'",
            "version": "==70.0.0"
        },
        "shapely": {
            "hashes": [
                "sha256:011b77153906030b795791f2fdfa2d68f1a8d7e40bce78b029782ade3afe4f2f",
                "sha256:03152442d311a5e85ac73b39680dd64a9892fa42bb08fd83b3bab4fe6999bfa0",
                "sha256:05ffd6491e9e8958b742b0e2e7c346635033d0a5f1a0ea083547fcc854e5d5cf",
                "sha256:0776c92d584f72f1e584d2e43cfc5542c2f3dd19d53f70df0900fda643f4bae6",
                "sha256:263bcf0c24d7a57c80991e64ab57cba7a3906e31d2e21b455f493d4aab534aaa",
                "sha256:2fbdc1140a7d08faa748256438291394967aa54b40009f54e8d9825e75ef6113",
                "sha256:30982f79f21bb0ff7d7d4a4e531e3fcaa39b778584c2ce81a147f95be1cd58c9",
                "sha256:31c19a668b5a1eadab82ff070b5a260478ac6ddad3a5b62295095174a8d26398",
                "sha256:3f9103abd1678cb1b5f7e8e1af565a652e036844166c91ec031eeb25c5ca8af0",
                "sha256:41388321a73ba1a84edd90d86ecc8bfed55e6a1e51882eafb019f45895ec0f65",
                "sha256:4310b5494271e18580d61022c0857eb85d30510d88606fa3b8314790df7f367d",
                "sha256:464157509ce4efa5ff285c646a38b49f8c5ef8d4b340f722685b09bb033c5ccf",
                "sha256:485246fcdb93336105c29a5cfbff8a226949db37b7473c89caa26c9bae52a242",
                "sha256:489c19152ec1f0e5c5e525356bcbf7e532f311bff630c9b6bc2db6f04da6a8b9",
                "sha256:4f2ab0faf8188b9f99e6a273b24b97662194160cc8ca17cf9d1fb6f18d7fb93f",
                "sha256:55a38dcd1cee2f298d8c2ebc60fc7d39f3b4535684a1e9e2f39a80ae88b0cea7",
                "sha256:58b0ecc505bbe49a99551eea3f2e8a9b3b24b3edd2a4de1ac0dc17bc75c9ec07",
                "sha256:5af4cd0d8cf2912bd95f33586600cac9c4b7c5053a036422b97cfe4728d2eb53",
                "sha256:5bbd974193e2cc274312da16b189b38f5f128410f3377721cadb76b1e8ca5328",
                "sha256:5c4849916f71dc44e19ed370421518c0d86cf73b26e8656192fcfcda08218fbd",
                "sha256:5dc736127fac70009b8d309a0eeb74f3e08979e530cf7017f2f507ef62e6cfb8",
                "sha256:63f3a80daf4f867bd80f5c97fbe03314348ac1b3b70fb1c0ad255a69e3749879",
                "sha256:674d7baf0015a6037d5758496d550fc1946f34bfc89c1bf247cabdc415d7747e",
                "sha256:6cd4ccecc5ea5abd06deeaab52fcdba372f649728050c6143cc405ee0c166679",
                "sha256:790a168a808bd00ee42786b8ba883307c0e3684ebb292e0e20009588c426da47",
                "sha256:7d56ce3e2a6a556b59a288771cf9d091470116867e578bebced8bfc4147fbfd7",
                "sha256:841f93a0e31e4c64d62ea570d81c35de0f6cea224568b2430d832967536308e6",
                "sha256:8de4578e838a9409b5b134a18ee820730e507b2d21700c14b71a2b0757396acc",
                "sha256:92a41d936f7d6743f343be265ace93b7c57f5b231e21b9605716f5a47c2879e7",
                "sha256:9831816a5d34d5170aa9ed32a64982c3d6f4332e7ecfe62dc97767e163cb0b17",
                "sha256:994c244e004bc3cfbea96257b883c90a86e8cbd76e069718eb4c6b222a56f78b",
                "sha256:9dab4c98acfb5fb85f5a20548b5c0abe9b163ad3525ee28822ffecb5c40e724c",
                "sha256:b79bbd648664aa6f44ef018474ff958b6b296fed5c2d42db60078de3cffbc8aa",
                "sha256:c3e700abf4a37b7b8b90532fa6ed5c38a9bfc777098bc9fbae5ec8e618ac8f30",
                "sha256:c52ed79f683f721b69a10fb9e3d940a468203f5054927215586c5d49a072de8d",
                "sha256:c75c98380b1ede1cae9a252c6dc247e6279403fae38c77060a5e6186c95073ac",
                "sha256:d2b4431f522b277c79c34b65da128029a9955e4481462cbf7ebec23aab61fc58",
                "sha256:ddf4a9bfaac643e62702ed662afc36f6abed2a88a21270e891038f9a19bc08fc",
                "sha256:de0205cb21ad5ddaef607cda9a3191eadd1e7a62a756ea3a356369675230ac35",
                "sha256:ec555c9d0db12d7fd777ba3f8b75044c73e576c720a851667432fabb7057da6c",
                "sha256:fb5cdcbbe3080181498931b52a91a21a781a35dcb859da741c0345c6402bf00c"
            ],
            "index": "pypi",
            "markers": "python_version >= '3.7'",
            "version": "==2.0.4"
        },
        "six": {
            "hashes": [
                "sha256:1e61c37477a1626458e36f7b1d82aa5c9b094fa4802892072e49de9c60c4c926",
                "sha256:8abb2f1d86890a2dfb989f9a77cfcfd3e47c2a354b01111771326f8aa26e0254"
            ],
            "markers": "python_version >= '2.7' and python_version not in '3.0, 3.1, 3.2, 3.3'",
            "version": "==1.16.0"
        },
        "snuggs": {
            "hashes": [
                "sha256:501cf113fe3892e14e2fee76da5cd0606b7e149c411c271898e6259ebde2617b",
                "sha256:988dde5d4db88e9d71c99457404773dabcc7a1c45971bfbe81900999942d9f07"
            ],
            "version": "==1.4.7"
        }
    },
    "develop": {}
}
